
Microsoft Visual Studio Solution File, Format Version 12.00
# Visual Studio 15
VisualStudioVersion = 15.0.28307.852
MinimumVisualStudioVersion = 10.0.40219.1
Project("{FAE04EC0-301F-11D3-BF4B-00C04F79EFBC}") = "PrintService", "PrintService\PrintService.csproj", "{921F4E18-4192-4542-99AC-40C5A12B10F0}"
EndProject
Project("{FAE04EC0-301F-11D3-BF4B-00C04F79EFBC}") = "PrintService.Tests", "PrintService.Tests\PrintService.Tests.csproj", "{0443E6A4-2CC4-4754-91EB-415AFC629868}"
EndProject
Global
	GlobalSection(SolutionConfigurationPlatforms) = preSolution
		Debug|Any CPU = Debug|Any CPU
		Release|Any CPU = Release|Any CPU
	EndGlobalSection
	GlobalSection(ProjectConfigurationPlatforms) = postSolution
		{921F4E18-4192-4542-99AC-40C5A12B10F0}.Debug|Any CPU.ActiveCfg = Debug|Any CPU
		{921F4E18-4192-4542-99AC-40C5A12B10F0}.Debug|Any CPU.Build.0 = Debug|Any CPU
		{921F4E18-4192-4542-99AC-40C5A12B10F0}.Release|Any CPU.ActiveCfg = Release|Any CPU
		{921F4E18-4192-4542-99AC-40C5A12B10F0}.Release|Any CPU.Build.0 = Release|Any CPU
		{0443E6A4-2CC4-4754-91EB-415AFC629868}.Debug|Any CPU.ActiveCfg = Debug|Any CPU
		{0443E6A4-2CC4-4754-91EB-415AFC629868}.Debug|Any CPU.Build.0 = Debug|Any CPU
		{0443E6A4-2CC4-4754-91EB-415AFC629868}.Release|Any CPU.ActiveCfg = Release|Any CPU
		{0443E6A4-2CC4-4754-91EB-415AFC629868}.Release|Any CPU.Build.0 = Release|Any CPU
	EndGlobalSection
	GlobalSection(SolutionProperties) = preSolution
		HideSolutionNode = FALSE
	EndGlobalSection
	GlobalSection(ExtensibilityGlobals) = postSolution
		SolutionGuid = {457CD4FF-EDD0-483C-8F3F-0F327DD29D10}
	EndGlobalSection
EndGlobal
